// !$*UTF8*$!
{
	archiveVersion = 1;
	classes = {
	};
	objectVersion = 56;
	objects = {

/* Begin PBXBuildFile section */
		F4C91F332B60656D0094253B /* SWIFT_Ders_1App.swift in Sources */ = {isa = PBXBuildFile; fileRef = F4C91F322B60656D0094253B /* SWIFT_Ders_1App.swift */; };
		F4C91F352B60656D0094253B /* ContentView.swift in Sources */ = {isa = PBXBuildFile; fileRef = F4C91F342B60656D0094253B /* ContentView.swift */; };
		F4C91F372B6065700094253B /* Assets.xcassets in Resources */ = {isa = PBXBuildFile; fileRef = F4C91F362B6065700094253B /* Assets.xcassets */; };
		F4C91F3A2B6065700094253B /* Preview Assets.xcassets in Resources */ = {isa = PBXBuildFile; fileRef = F4C91F392B6065700094253B /* Preview Assets.xcassets */; };
		F4C91F442B6065700094253B /* SWIFT_Ders_1Tests.swift in Sources */ = {isa = PBXBuildFile; fileRef = F4C91F432B6065700094253B /* SWIFT_Ders_1Tests.swift */; };
		F4C91F4E2B6065700094253B /* SWIFT_Ders_1UITests.swift in Sources */ = {isa = PBXBuildFile; fileRef = F4C91F4D2B6065700094253B /* SWIFT_Ders_1UITests.swift */; };
		F4C91F502B6065700094253B /* SWIFT_Ders_1UITestsLaunchTests.swift in Sources */ = {isa = PBXBuildFile; fileRef = F4C91F4F2B6065700094253B /* SWIFT_Ders_1UITestsLaunchTests.swift */; };
		F4C91F5D2B608D420094253B /* LaunchScreen.storyboard in Resources */ = {isa = PBXBuildFile; fileRef = F4C91F5C2B608D420094253B /* LaunchScreen.storyboard */; };
/* End PBXBuildFile section */

/* Begin PBXContainerItemProxy section */
		F4C91F402B6065700094253B /* PBXContainerItemProxy */ = {
			isa = PBXContainerItemProxy;
			containerPortal = F4C91F272B60656D0094253B /* Project object */;
			proxyType = 1;
			remoteGlobalIDString = F4C91F2E2B60656D0094253B;
			remoteInfo = "SWIFT Ders 1";
		};
		F4C91F4A2B6065700094253B /* PBXContainerItemProxy */ = {
			isa = PBXContainerItemProxy;
			containerPortal = F4C91F272B60656D0094253B /* Project object */;
			proxyType = 1;
			remoteGlobalIDString = F4C91F2E2B60656D0094253B;
			remoteInfo = "SWIFT Ders 1";
		};
/* End PBXContainerItemProxy section */

/* Begin PBXFileReference section */
		F4C91F2F2B60656D0094253B /* SWIFT Ders 1.app */ = {isa = PBXFileReference; explicitFileType = wrapper.application; includeInIndex = 0; path = "SWIFT Ders 1.app"; sourceTree = BUILT_PRODUCTS_DIR; };
		F4C91F322B60656D0094253B /* SWIFT_Ders_1App.swift */ = {isa = PBXFileReference; lastKnownFileType = sourcecode.swift; path = SWIFT_Ders_1App.swift; sourceTree = "<group>"; };
		F4C91F342B60656D0094253B /* ContentView.swift */ = {isa = PBXFileReference; lastKnownFileType = sourcecode.swift; path = ContentView.swift; sourceTree = "<group>"; };
		F4C91F362B6065700094253B /* Assets.xcassets */ = {isa = PBXFileReference; lastKnownFileType = folder.assetcatalog; path = Assets.xcassets; sourceTree = "<group>"; };
		F4C91F392B6065700094253B /* Preview Assets.xcassets */ = {isa = PBXFileReference; lastKnownFileType = folder.assetcatalog; path = "Preview Assets.xcassets"; sourceTree = "<group>"; };
		F4C91F3F2B6065700094253B /* SWIFT Ders 1Tests.xctest */ = {isa = PBXFileReference; explicitFileType = wrapper.cfbundle; includeInIndex = 0; path = "SWIFT Ders 1Tests.xctest"; sourceTree = BUILT_PRODUCTS_DIR; };
		F4C91F432B6065700094253B /* SWIFT_Ders_1Tests.swift */ = {isa = PBXFileReference; lastKnownFileType = sourcecode.swift; path = SWIFT_Ders_1Tests.swift; sourceTree = "<group>"; };
		F4C91F492B6065700094253B /* SWIFT Ders 1UITests.xctest */ = {isa = PBXFileReference; explicitFileType = wrapper.cfbundle; includeInIndex = 0; path = "SWIFT Ders 1UITests.xctest"; sourceTree = BUILT_PRODUCTS_DIR; };
		F4C91F4D2B6065700094253B /* SWIFT_Ders_1UITests.swift */ = {isa = PBXFileReference; lastKnownFileType = sourcecode.swift; path = SWIFT_Ders_1UITests.swift; sourceTree = "<group>"; };
		F4C91F4F2B6065700094253B /* SWIFT_Ders_1UITestsLaunchTests.swift */ = {isa = PBXFileReference; lastKnownFileType = sourcecode.swift; path = SWIFT_Ders_1UITestsLaunchTests.swift; sourceTree = "<group>"; };
		F4C91F5C2B608D420094253B /* LaunchScreen.storyboard */ = {isa = PBXFileReference; lastKnownFileType = file.storyboard; path = LaunchScreen.storyboard; sourceTree = "<group>"; };
/* End PBXFileReference section */

/* Begin PBXFrameworksBuildPhase section */
		F4C91F2C2B60656D0094253B /* Frameworks */ = {
			isa = PBXFrameworksBuildPhase;
			buildActionMask = 2147483647;
			files = (
			);
			runOnlyForDeploymentPostprocessing = 0;
		};
		F4C91F3C2B6065700094253B /* Frameworks */ = {
			isa = PBXFrameworksBuildPhase;
			buildActionMask = 2147483647;
			files = (
			);
			runOnlyForDeploymentPostprocessing = 0;
		};
		F4C91F462B6065700094253B /* Frameworks */ = {
			isa = PBXFrameworksBuildPhase;
			buildActionMask = 2147483647;
			files = (
			);
			runOnlyForDeploymentPostprocessing = 0;
		};
/* End PBXFrameworksBuildPhase section */

/* Begin PBXGroup section */
		F4C91F262B60656D0094253B = {
			isa = PBXGroup;
			children = (
				F4C91F312B60656D0094253B /* SWIFT Ders 1 */,
				F4C91F422B6065700094253B /* SWIFT Ders 1Tests */,
				F4C91F4C2B6065700094253B /* SWIFT Ders 1UITests */,
				F4C91F302B60656D0094253B /* Products */,
			);
			sourceTree = "<group>";
		};
		F4C91F302B60656D0094253B /* Products */ = {
			isa = PBXGroup;
			children = (
				F4C91F2F2B60656D0094253B /* SWIFT Ders 1.app */,
				F4C91F3F2B6065700094253B /* SWIFT Ders 1Tests.xctest */,
				F4C91F492B6065700094253B /* SWIFT Ders 1UITests.xctest */,
			);
			name = Products;
			sourceTree = "<group>";
		};
		F4C91F312B60656D0094253B /* SWIFT Ders 1 */ = {
			isa = PBXGroup;
			children = (
				F4C91F322B60656D0094253B /* SWIFT_Ders_1App.swift */,
				F4C91F342B60656D0094253B /* ContentView.swift */,
				F4C91F362B6065700094253B /* Assets.xcassets */,
				F4C91F5C2B608D420094253B /* LaunchScreen.storyboard */,
				F4C91F382B6065700094253B /* Preview Content */,
			);
			path = "SWIFT Ders 1";
			sourceTree = "<group>";
		};
		F4C91F382B6065700094253B /* Preview Content */ = {
			isa = PBXGroup;
			children = (
				F4C91F392B6065700094253B /* Preview Assets.xcassets */,
			);
			path = "Preview Content";
			sourceTree = "<group>";
		};
		F4C91F422B6065700094253B /* SWIFT Ders 1Tests */ = {
			isa = PBXGroup;
			children = (
				F4C91F432B6065700094253B /* SWIFT_Ders_1Tests.swift */,
			);
			path = "SWIFT Ders 1Tests";
			sourceTree = "<group>";
		};
		F4C91F4C2B6065700094253B /* SWIFT Ders 1UITests */ = {
			isa = PBXGroup;
			children = (
				F4C91F4D2B6065700094253B /* SWIFT_Ders_1UITests.swift */,
				F4C91F4F2B6065700094253B /* SWIFT_Ders_1UITestsLaunchTests.swift */,
			);
			path = "SWIFT Ders 1UITests";
			sourceTree = "<group>";
		};
/* End PBXGroup section */

/* Begin PBXNativeTarget section */
		F4C91F2E2B60656D0094253B /* SWIFT Ders 1 */ = {
			isa = PBXNativeTarget;
			buildConfigurationList = F4C91F532B6065700094253B /* Build configuration list for PBXNativeTarget "SWIFT Ders 1" */;
			buildPhases = (
				F4C91F2B2B60656D0094253B /* Sources */,
				F4C91F2C2B60656D0094253B /* Frameworks */,
				F4C91F2D2B60656D0094253B /* Resources */,
			);
			buildRules = (
			);
			dependencies = (
			);
			name = "SWIFT Ders 1";
			productName = "SWIFT Ders 1";
			productReference = F4C91F2F2B60656D0094253B /* SWIFT Ders 1.app */;
			productType = "com.apple.product-type.application";
		};
		F4C91F3E2B6065700094253B /* SWIFT Ders 1Tests */ = {
			isa = PBXNativeTarget;
			buildConfigurationList = F4C91F562B6065700094253B /* Build configuration list for PBXNativeTarget "SWIFT Ders 1Tests" */;
			buildPhases = (
				F4C91F3B2B6065700094253B /* Sources */,
				F4C91F3C2B6065700094253B /* Frameworks */,
				F4C91F3D2B6065700094253B /* Resources */,
			);
			buildRules = (
			);
			dependencies = (
				F4C91F412B6065700094253B /* PBXTargetDependency */,
			);
			name = "SWIFT Ders 1Tests";
			productName = "SWIFT Ders 1Tests";
			productReference = F4C91F3F2B6065700094253B /* SWIFT Ders 1Tests.xctest */;
			productType = "com.apple.product-type.bundle.unit-test";
		};
		F4C91F482B6065700094253B /* SWIFT Ders 1UITests */ = {
			isa = PBXNativeTarget;
			buildConfigurationList = F4C91F592B6065700094253B /* Build configuration list for PBXNativeTarget "SWIFT Ders 1UITests" */;
			buildPhases = (
				F4C91F452B6065700094253B /* Sources */,
				F4C91F462B6065700094253B /* Frameworks */,
				F4C91F472B6065700094253B /* Resources */,
			);
			buildRules = (
			);
			dependencies = (
				F4C91F4B2B6065700094253B /* PBXTargetDependency */,
			);
			name = "SWIFT Ders 1UITests";
			productName = "SWIFT Ders 1UITests";
			productReference = F4C91F492B6065700094253B /* SWIFT Ders 1UITests.xctest */;
			productType = "com.apple.product-type.bundle.ui-testing";
		};
/* End PBXNativeTarget section */

/* Begin PBXProject section */
		F4C91F272B60656D0094253B /* Project object */ = {
			isa = PBXProject;
			attributes = {
				BuildIndependentTargetsInParallel = 1;
				LastSwiftUpdateCheck = 1520;
				LastUpgradeCheck = 1520;
				TargetAttributes = {
					F4C91F2E2B60656D0094253B = {
						CreatedOnToolsVersion = 15.2;
					};
					F4C91F3E2B6065700094253B = {
						CreatedOnToolsVersion = 15.2;
						TestTargetID = F4C91F2E2B60656D0094253B;
					};
					F4C91F482B6065700094253B = {
						CreatedOnToolsVersion = 15.2;
						TestTargetID = F4C91F2E2B60656D0094253B;
					};
				};
			};
			buildConfigurationList = F4C91F2A2B60656D0094253B /* Build configuration list for PBXProject "SWIFT Ders 1" */;
			compatibilityVersion = "Xcode 14.0";
			developmentRegion = en;
			hasScannedForEncodings = 0;
			knownRegions = (
				en,
				Base,
			);
			mainGroup = F4C91F262B60656D0094253B;
			productRefGroup = F4C91F302B60656D0094253B /* Products */;
			projectDirPath = "";
			projectRoot = "";
			targets = (
				F4C91F2E2B60656D0094253B /* SWIFT Ders 1 */,
				F4C91F3E2B6065700094253B /* SWIFT Ders 1Tests */,
				F4C91F482B6065700094253B /* SWIFT Ders 1UITests */,
			);
		};
/* End PBXProject section */

/* Begin PBXResourcesBuildPhase section */
		F4C91F2D2B60656D0094253B /* Resources */ = {
			isa = PBXResourcesBuildPhase;
			buildActionMask = 2147483647;
			files = (
				F4C91F5D2B608D420094253B /* LaunchScreen.storyboard in Resources */,
				F4C91F3A2B6065700094253B /* Preview Assets.xcassets in Resources */,
				F4C91F372B6065700094253B /* Assets.xcassets in Resources */,
			);
			runOnlyForDeploymentPostprocessing = 0;
		};
		F4C91F3D2B6065700094253B /* Resources */ = {
			isa = PBXResourcesBuildPhase;
			buildActionMask = 2147483647;
			files = (
			);
			runOnlyForDeploymentPostprocessing = 0;
		};
		F4C91F472B6065700094253B /* Resources */ = {
			isa = PBXResourcesBuildPhase;
			buildActionMask = 2147483647;
			files = (
			);
			runOnlyForDeploymentPostprocessing = 0;
		};
/* End PBXResourcesBuildPhase section */

/* Begin PBXSourcesBuildPhase section */
		F4C91F2B2B60656D0094253B /* Sources */ = {
			isa = PBXSourcesBuildPhase;
			buildActionMask = 2147483647;
			files = (
				F4C91F352B60656D0094253B /* ContentView.swift in Sources */,
				F4C91F332B60656D0094253B /* SWIFT_Ders_1App.swift in Sources */,
			);
			runOnlyForDeploymentPostprocessing = 0;
		};
		F4C91F3B2B6065700094253B /* Sources */ = {
			isa = PBXSourcesBuildPhase;
			buildActionMask = 2147483647;
			files = (
				F4C91F442B6065700094253B /* SWIFT_Ders_1Tests.swift in Sources */,
			);
			runOnlyForDeploymentPostprocessing = 0;
		};
		F4C91F452B6065700094253B /* Sources */ = {
			isa = PBXSourcesBuildPhase;
			buildActionMask = 2147483647;
			files = (
				F4C91F502B6065700094253B /* SWIFT_Ders_1UITestsLaunchTests.swift in Sources */,
				F4C91F4E2B6065700094253B /* SWIFT_Ders_1UITests.swift in Sources */,
			);
			runOnlyForDeploymentPostprocessing = 0;
		};
/* End PBXSourcesBuildPhase section */

/* Begin PBXTargetDependency section */
		F4C91F412B6065700094253B /* PBXTargetDependency */ = {
			isa = PBXTargetDependency;
			target = F4C91F2E2B60656D0094253B /* SWIFT Ders 1 */;
			targetProxy = F4C91F402B6065700094253B /* PBXContainerItemProxy */;
		};
		F4C91F4B2B6065700094253B /* PBXTargetDependency */ = {
			isa = PBXTargetDependency;
			target = F4C91F2E2B60656D0094253B /* SWIFT Ders 1 */;
			targetProxy = F4C91F4A2B6065700094253B /* PBXContainerItemProxy */;
		};
/* End PBXTargetDependency section */

/* Begin XCBuildConfiguration section */
		F4C91F512B6065700094253B /* Debug */ = {
			isa = XCBuildConfiguration;
			buildSettings = {
				ALWAYS_SEARCH_USER_PATHS = NO;
				ASSETCATALOG_COMPILER_GENERATE_SWIFT_ASSET_SYMBOL_EXTENSIONS = YES;
				CLANG_ANALYZER_NONNULL = YES;
				CLANG_ANALYZER_NUMBER_OBJECT_CONVERSION = YES_AGGRESSIVE;
				CLANG_CXX_LANGUAGE_STANDARD = "gnu++20";
				CLANG_ENABLE_MODULES = YES;
				CLANG_ENABLE_OBJC_ARC = YES;
				CLANG_ENABLE_OBJC_WEAK = YES;
				CLANG_WARN_BLOCK_CAPTURE_AUTORELEASING = YES;
				CLANG_WARN_BOOL_CONVERSION = YES;
				CLANG_WARN_COMMA = YES;
				CLANG_WARN_CONSTANT_CONVERSION = YES;
				CLANG_WARN_DEPRECATED_OBJC_IMPLEMENTATIONS = YES;
				CLANG_WARN_DIRECT_OBJC_ISA_USAGE = YES_ERROR;
				CLANG_WARN_DOCUMENTATION_COMMENTS = YES;
				CLANG_WARN_EMPTY_BODY = YES;
				CLANG_WARN_ENUM_CONVERSION = YES;
				CLANG_WARN_INFINITE_RECURSION = YES;
				CLANG_WARN_INT_CONVERSION = YES;
				CLANG_WARN_NON_LITERAL_NULL_CONVERSION = YES;
				CLANG_WARN_OBJC_IMPLICIT_RETAIN_SELF = YES;
				CLANG_WARN_OBJC_LITERAL_CONVERSION = YES;
				CLANG_WARN_OBJC_ROOT_CLASS = YES_ERROR;
				CLANG_WARN_QUOTED_INCLUDE_IN_FRAMEWORK_HEADER = YES;
				CLANG_WARN_RANGE_LOOP_ANALYSIS = YES;
				CLANG_WARN_STRICT_PROTOTYPES = YES;
				CLANG_WARN_SUSPICIOUS_MOVE = YES;
				CLANG_WARN_UNGUARDED_AVAILABILITY = YES_AGGRESSIVE;
				CLANG_WARN_UNREACHABLE_CODE = YES;
				CLANG_WARN__DUPLICATE_METHOD_MATCH = YES;
				COPY_PHASE_STRIP = NO;
				DEBUG_INFORMATION_FORMAT = dwarf;
				ENABLE_STRICT_OBJC_MSGSEND = YES;
				ENABLE_TESTABILITY = YES;
				ENABLE_USER_SCRIPT_SANDBOXING = YES;
				GCC_C_LANGUAGE_STANDARD = gnu17;
				GCC_DYNAMIC_NO_PIC = NO;
				GCC_NO_COMMON_BLOCKS = YES;
				GCC_OPTIMIZATION_LEVEL = 0;
				GCC_PREPROCESSOR_DEFINITIONS = (
					"DEBUG=1",
					"$(inherited)",
				);
				GCC_WARN_64_TO_32_BIT_CONVERSION = YES;
				GCC_WARN_ABOUT_RETURN_TYPE = YES_ERROR;
				GCC_WARN_UNDECLARED_SELECTOR = YES;
				GCC_WARN_UNINITIALIZED_AUTOS = YES_AGGRESSIVE;
				GCC_WARN_UNUSED_FUNCTION = YES;
				GCC_WARN_UNUSED_VARIABLE = YES;
				IPHONEOS_DEPLOYMENT_TARGET = 17.2;
				LOCALIZATION_PREFERS_STRING_CATALOGS = YES;
				MTL_ENABLE_DEBUG_INFO = INCLUDE_SOURCE;
				MTL_FAST_MATH = YES;
				ONLY_ACTIVE_ARCH = YES;
				SDKROOT = iphoneos;
				SWIFT_ACTIVE_COMPILATION_CONDITIONS = "DEBUG $(inherited)";
				SWIFT_OPTIMIZATION_LEVEL = "-Onone";
			};
			name = Debug;
		};
		F4C91F522B6065700094253B /* Release */ = {
			isa = XCBuildConfiguration;
			buildSettings = {
				ALWAYS_SEARCH_USER_PATHS = NO;
				ASSETCATALOG_COMPILER_GENERATE_SWIFT_ASSET_SYMBOL_EXTENSIONS = YES;
				CLANG_ANALYZER_NONNULL = YES;
				CLANG_ANALYZER_NUMBER_OBJECT_CONVERSION = YES_AGGRESSIVE;
				CLANG_CXX_LANGUAGE_STANDARD = "gnu++20";
				CLANG_ENABLE_MODULES = YES;
				CLANG_ENABLE_OBJC_ARC = YES;
				CLANG_ENABLE_OBJC_WEAK = YES;
				CLANG_WARN_BLOCK_CAPTURE_AUTORELEASING = YES;
				CLANG_WARN_BOOL_CONVERSION = YES;
				CLANG_WARN_COMMA = YES;
				CLANG_WARN_CONSTANT_CONVERSION = YES;
				CLANG_WARN_DEPRECATED_OBJC_IMPLEMENTATIONS = YES;
				CLANG_WARN_DIRECT_OBJC_ISA_USAGE = YES_ERROR;
				CLANG_WARN_DOCUMENTATION_COMMENTS = YES;
				CLANG_WARN_EMPTY_BODY = YES;
				CLANG_WARN_ENUM_CONVERSION = YES;
				CLANG_WARN_INFINITE_RECURSION = YES;
				CLANG_WARN_INT_CONVERSION = YES;
				CLANG_WARN_NON_LITERAL_NULL_CONVERSION = YES;
				CLANG_WARN_OBJC_IMPLICIT_RETAIN_SELF = YES;
				CLANG_WARN_OBJC_LITERAL_CONVERSION = YES;
				CLANG_WARN_OBJC_ROOT_CLASS = YES_ERROR;
				CLANG_WARN_QUOTED_INCLUDE_IN_FRAMEWORK_HEADER = YES;
				CLANG_WARN_RANGE_LOOP_ANALYSIS = YES;
				CLANG_WARN_STRICT_PROTOTYPES = YES;
				CLANG_WARN_SUSPICIOUS_MOVE = YES;
				CLANG_WARN_UNGUARDED_AVAILABILITY = YES_AGGRESSIVE;
				CLANG_WARN_UNREACHABLE_CODE = YES;
				CLANG_WARN__DUPLICATE_METHOD_MATCH = YES;
				COPY_PHASE_STRIP = NO;
				DEBUG_INFORMATION_FORMAT = "dwarf-with-dsym";
				ENABLE_NS_ASSERTIONS = NO;
				ENABLE_STRICT_OBJC_MSGSEND = YES;
				ENABLE_USER_SCRIPT_SANDBOXING = YES;
				GCC_C_LANGUAGE_STANDARD = gnu17;
				GCC_NO_COMMON_BLOCKS = YES;
				GCC_WARN_64_TO_32_BIT_CONVERSION = YES;
				GCC_WARN_ABOUT_RETURN_TYPE = YES_ERROR;
				GCC_WARN_UNDECLARED_SELECTOR = YES;
				GCC_WARN_UNINITIALIZED_AUTOS = YES_AGGRESSIVE;
				GCC_WARN_UNUSED_FUNCTION = YES;
				GCC_WARN_UNUSED_VARIABLE = YES;
				IPHONEOS_DEPLOYMENT_TARGET = 17.2;
				LOCALIZATION_PREFERS_STRING_CATALOGS = YES;
				MTL_ENABLE_DEBUG_INFO = NO;
				MTL_FAST_MATH = YES;
				SDKROOT = iphoneos;
				SWIFT_COMPILATION_MODE = wholemodule;
				VALIDATE_PRODUCT = YES;
			};
			name = Release;
		};
		F4C91F542B6065700094253B /* Debug */ = {
			isa = XCBuildConfiguration;
			buildSettings = {
				ASSETCATALOG_COMPILER_APPICON_NAME = AppIcon;
				ASSETCATALOG_COMPILER_GLOBAL_ACCENT_COLOR_NAME = AccentColor;
				ASSETCATALOG_COMPILER_INCLUDE_ALL_APPICON_ASSETS = NO;
				CODE_SIGN_STYLE = Automatic;
				CURRENT_PROJECT_VERSION = 1;
				DEVELOPMENT_ASSET_PATHS = "\"SWIFT Ders 1/Preview Content\"";
				DEVELOPMENT_TEAM = 49847DVTVR;
				ENABLE_PREVIEWS = YES;
				GENERATE_INFOPLIST_FILE = YES;
				INFOPLIST_KEY_UIApplicationSceneManifest_Generation = YES;
				INFOPLIST_KEY_UIApplicationSupportsIndirectInputEvents = YES;
				INFOPLIST_KEY_UILaunchScreen_Generation = YES;
				INFOPLIST_KEY_UILaunchStoryboardName = LaunchScreen.storyboard;
				INFOPLIST_KEY_UISupportedInterfaceOrientations_iPad = "UIInterfaceOrientationPortrait UIInterfaceOrientationPortraitUpsideDown UIInterfaceOrientationLandscapeLeft UIInterfaceOrientationLandscapeRight";
				INFOPLIST_KEY_UISupportedInterfaceOrientations_iPhone = "UIInterfaceOrientationPortrait UIInterfaceOrientationLandscapeLeft UIInterfaceOrientationLandscapeRight";
				LD_RUNPATH_SEARCH_PATHS = (
					"$(inherited)",
					"@executable_path/Frameworks",
				);
				MARKETING_VERSION = 1.0;
				PRODUCT_BUNDLE_IDENTIFIER = "istun.SWIFT-Ders-1";
				PRODUCT_NAME = "$(TARGET_NAME)";
				SWIFT_EMIT_LOC_STRINGS = YES;
				SWIFT_VERSION = 5.0;
				TARGETED_DEVICE_FAMILY = "1,2";
			};
			name = Debug;
		};
		F4C91F552B6065700094253B /* Release */ = {
			isa = XCBuildConfiguration;
			buildSettings = {
				ASSETCATALOG_COMPILER_APPICON_NAME = AppIcon;
				ASSETCATALOG_COMPILER_GLOBAL_ACCENT_COLOR_NAME = AccentColor;
				ASSETCATALOG_COMPILER_INCLUDE_ALL_APPICON_ASSETS = NO;
				CODE_SIGN_STYLE = Automatic;
				CURRENT_PROJECT_VERSION = 1;
				DEVELOPMENT_ASSET_PATHS = "\"SWIFT Ders 1/Preview Content\"";
				DEVELOPMENT_TEAM = 49847DVTVR;
				ENABLE_PREVIEWS = YES;
				GENERATE_INFOPLIST_FILE = YES;
				INFOPLIST_KEY_UIApplicationSceneManifest_Generation = YES;
				INFOPLIST_KEY_UIApplicationSupportsIndirectInputEvents = YES;
				INFOPLIST_KEY_UILaunchScreen_Generation = YES;
				INFOPLIST_KEY_UILaunchStoryboardName = LaunchScreen.storyboard;
				INFOPLIST_KEY_UISupportedInterfaceOrientations_iPad = "UIInterfaceOrientationPortrait UIInterfaceOrientationPortraitUpsideDown UIInterfaceOrientationLandscapeLeft UIInterfaceOrientationLandscapeRight";
				INFOPLIST_KEY_UISupportedInterfaceOrientations_iPhone = "UIInterfaceOrientationPortrait UIInterfaceOrientationLandscapeLeft UIInterfaceOrientationLandscapeRight";
				LD_RUNPATH_SEARCH_PATHS = (
					"$(inherited)",
					"@executable_path/Frameworks",
				);
				MARKETING_VERSION = 1.0;
				PRODUCT_BUNDLE_IDENTIFIER = "istun.SWIFT-Ders-1";
				PRODUCT_NAME = "$(TARGET_NAME)";
				SWIFT_EMIT_LOC_STRINGS = YES;
				SWIFT_VERSION = 5.0;
				TARGETED_DEVICE_FAMILY = "1,2";
			};
			name = Release;
		};
		F4C91F572B6065700094253B /* Debug */ = {
			isa = XCBuildConfiguration;
			buildSettings = {
				ALWAYS_EMBED_SWIFT_STANDARD_LIBRARIES = YES;
				BUNDLE_LOADER = "$(TEST_HOST)";
				CODE_SIGN_STYLE = Automatic;
				CURRENT_PROJECT_VERSION = 1;
				DEVELOPMENT_TEAM = 49847DVTVR;
				GENERATE_INFOPLIST_FILE = YES;
				IPHONEOS_DEPLOYMENT_TARGET = 17.2;
				MARKETING_VERSION = 1.0;
				PRODUCT_BUNDLE_IDENTIFIER = "istun.SWIFT-Ders-1Tests";
				PRODUCT_NAME = "$(TARGET_NAME)";
				SWIFT_EMIT_LOC_STRINGS = NO;
				SWIFT_VERSION = 5.0;
				TARGETED_DEVICE_FAMILY = "1,2";
				TEST_HOST = "$(BUILT_PRODUCTS_DIR)/SWIFT Ders 1.app/$(BUNDLE_EXECUTABLE_FOLDER_PATH)/SWIFT Ders 1";
			};
			name = Debug;
		};
		F4C91F582B6065700094253B /* Release */ = {
			isa = XCBuildConfiguration;
			buildSettings = {
				ALWAYS_EMBED_SWIFT_STANDARD_LIBRARIES = YES;
				BUNDLE_LOADER = "$(TEST_HOST)";
				CODE_SIGN_STYLE = Automatic;
				CURRENT_PROJECT_VERSION = 1;
				DEVELOPMENT_TEAM = 49847DVTVR;
				GENERATE_INFOPLIST_FILE = YES;
				IPHONEOS_DEPLOYMENT_TARGET = 17.2;
				MARKETING_VERSION = 1.0;
				PRODUCT_BUNDLE_IDENTIFIER = "istun.SWIFT-Ders-1Tests";
				PRODUCT_NAME = "$(TARGET_NAME)";
				SWIFT_EMIT_LOC_STRINGS = NO;
				SWIFT_VERSION = 5.0;
				TARGETED_DEVICE_FAMILY = "1,2";
				TEST_HOST = "$(BUILT_PRODUCTS_DIR)/SWIFT Ders 1.app/$(BUNDLE_EXECUTABLE_FOLDER_PATH)/SWIFT Ders 1";
			};
			name = Release;
		};
		F4C91F5A2B6065700094253B /* Debug */ = {
			isa = XCBuildConfiguration;
			buildSettings = {
				ALWAYS_EMBED_SWIFT_STANDARD_LIBRARIES = YES;
				CODE_SIGN_STYLE = Automatic;
				CURRENT_PROJECT_VERSION = 1;
				DEVELOPMENT_TEAM = 49847DVTVR;
				GENERATE_INFOPLIST_FILE = YES;
				MARKETING_VERSION = 1.0;
				PRODUCT_BUNDLE_IDENTIFIER = "istun.SWIFT-Ders-1UITests";
				PRODUCT_NAME = "$(TARGET_NAME)";
				SWIFT_EMIT_LOC_STRINGS = NO;
				SWIFT_VERSION = 5.0;
				TARGETED_DEVICE_FAMILY = "1,2";
				TEST_TARGET_NAME = "SWIFT Ders 1";
			};
			name = Debug;
		};
		F4C91F5B2B6065700094253B /* Release */ = {
			isa = XCBuildConfiguration;
			buildSettings = {
				ALWAYS_EMBED_SWIFT_STANDARD_LIBRARIES = YES;
				CODE_SIGN_STYLE = Automatic;
				CURRENT_PROJECT_VERSION = 1;
				DEVELOPMENT_TEAM = 49847DVTVR;
				GENERATE_INFOPLIST_FILE = YES;
				MARKETING_VERSION = 1.0;
				PRODUCT_BUNDLE_IDENTIFIER = "istun.SWIFT-Ders-1UITests";
				PRODUCT_NAME = "$(TARGET_NAME)";
				SWIFT_EMIT_LOC_STRINGS = NO;
				SWIFT_VERSION = 5.0;
				TARGETED_DEVICE_FAMILY = "1,2";
				TEST_TARGET_NAME = "SWIFT Ders 1";
			};
			name = Release;
		};
/* End XCBuildConfiguration section */

/* Begin XCConfigurationList section */
		F4C91F2A2B60656D0094253B /* Build configuration list for PBXProject "SWIFT Ders 1" */ = {
			isa = XCConfigurationList;
			buildConfigurations = (
				F4C91F512B6065700094253B /* Debug */,
				F4C91F522B6065700094253B /* Release */,
			);
			defaultConfigurationIsVisible = 0;
			defaultConfigurationName = Release;
		};
		F4C91F532B6065700094253B /* Build configuration list for PBXNativeTarget "SWIFT Ders 1" */ = {
			isa = XCConfigurationList;
			buildConfigurations = (
				F4C91F542B6065700094253B /* Debug */,
				F4C91F552B6065700094253B /* Release */,
			);
			defaultConfigurationIsVisible = 0;
			defaultConfigurationName = Release;
		};
		F4C91F562B6065700094253B /* Build configuration list for PBXNativeTarget "SWIFT Ders 1Tests" */ = {
			isa = XCConfigurationList;
			buildConfigurations = (
				F4C91F572B6065700094253B /* Debug */,
				F4C91F582B6065700094253B /* Release */,
			);
			defaultConfigurationIsVisible = 0;
			defaultConfigurationName = Release;
		};
		F4C91F592B6065700094253B /* Build configuration list for PBXNativeTarget "SWIFT Ders 1UITests" */ = {
			isa = XCConfigurationList;
			buildConfigurations = (
				F4C91F5A2B6065700094253B /* Debug */,
				F4C91F5B2B6065700094253B /* Release */,
			);
			defaultConfigurationIsVisible = 0;
			defaultConfigurationName = Release;
		};
/* End XCConfigurationList section */
	};
	rootObject = F4C91F272B60656D0094253B /* Project object */;
}
